
Microsoft Visual Studio Solution File, Format Version 12.00
# Visual Studio Version 17
VisualStudioVersion = 17.5.33627.172
MinimumVisualStudioVersion = 10.0.40219.1
Project("{FAE04EC0-301F-11D3-BF4B-00C04F79EFBC}") = "aspnet01_webapp", "aspnet01_webapp\aspnet01_webapp.csproj", "{BF7C177B-1BC3-4490-8858-417B15023C33}"
EndProject
Project("{FAE04EC0-301F-11D3-BF4B-00C04F79EFBC}") = "aspnet02_boardapp", "aspnet02_boardapp\aspnet02_boardapp.csproj", "{FD122E41-D890-416A-9A98-05DEF6C33B4A}"
EndProject
Global
	GlobalSection(SolutionConfigurationPlatforms) = preSolution
		Debug|Any CPU = Debug|Any CPU
		Release|Any CPU = Release|Any CPU
	EndGlobalSection
	GlobalSection(ProjectConfigurationPlatforms) = postSolution
		{BF7C177B-1BC3-4490-8858-417B15023C33}.Debug|Any CPU.ActiveCfg = Debug|Any CPU
		{BF7C177B-1BC3-4490-8858-417B15023C33}.Debug|Any CPU.Build.0 = Debug|Any CPU
		{BF7C177B-1BC3-4490-8858-417B15023C33}.Release|Any CPU.ActiveCfg = Release|Any CPU
		{BF7C177B-1BC3-4490-8858-417B15023C33}.Release|Any CPU.Build.0 = Release|Any CPU
		{FD122E41-D890-416A-9A98-05DEF6C33B4A}.Debug|Any CPU.ActiveCfg = Debug|Any CPU
		{FD122E41-D890-416A-9A98-05DEF6C33B4A}.Debug|Any CPU.Build.0 = Debug|Any CPU
		{FD122E41-D890-416A-9A98-05DEF6C33B4A}.Release|Any CPU.ActiveCfg = Release|Any CPU
		{FD122E41-D890-416A-9A98-05DEF6C33B4A}.Release|Any CPU.Build.0 = Release|Any CPU
	EndGlobalSection
	GlobalSection(SolutionProperties) = preSolution
		HideSolutionNode = FALSE
	EndGlobalSection
	GlobalSection(ExtensibilityGlobals) = postSolution
		SolutionGuid = {ABE5B6FE-9C8C-4B1C-A120-0C2D0A0660A8}
	EndGlobalSection
EndGlobal
